
Microsoft Visual Studio Solution File, Format Version 12.00
# Visual Studio 15
VisualStudioVersion = 15.0.26124.0
MinimumVisualStudioVersion = 15.0.26124.0
Project("{2150E333-8FDC-42A3-9474-1A3956D46DE8}") = "src", "src", "{3E8E7B76-309D-4EC3-A9E7-83D6483F65B1}"
EndProject
Project("{FAE04EC0-301F-11D3-BF4B-00C04F79EFBC}") = "SpotHero.Services.BusObj", "src\SpotHero.Services.BusObj\SpotHero.Services.BusObj.csproj", "{D1F0A646-9028-4A42-84FD-64514D015D2E}"
EndProject
Project("{FAE04EC0-301F-11D3-BF4B-00C04F79EFBC}") = "SpotHero.Services.Api", "src\SpotHero.Services.Api\SpotHero.Services.Api.csproj", "{60ED8816-5D00-4EDB-A6A3-A9789ED25144}"
EndProject
Global
	GlobalSection(SolutionConfigurationPlatforms) = preSolution
		Debug|Any CPU = Debug|Any CPU
		Debug|x64 = Debug|x64
		Debug|x86 = Debug|x86
		Release|Any CPU = Release|Any CPU
		Release|x64 = Release|x64
		Release|x86 = Release|x86
	EndGlobalSection
	GlobalSection(SolutionProperties) = preSolution
		HideSolutionNode = FALSE
	EndGlobalSection
	GlobalSection(ProjectConfigurationPlatforms) = postSolution
		{D1F0A646-9028-4A42-84FD-64514D015D2E}.Debug|Any CPU.ActiveCfg = Debug|Any CPU
		{D1F0A646-9028-4A42-84FD-64514D015D2E}.Debug|Any CPU.Build.0 = Debug|Any CPU
		{D1F0A646-9028-4A42-84FD-64514D015D2E}.Debug|x64.ActiveCfg = Debug|x64
		{D1F0A646-9028-4A42-84FD-64514D015D2E}.Debug|x64.Build.0 = Debug|x64
		{D1F0A646-9028-4A42-84FD-64514D015D2E}.Debug|x86.ActiveCfg = Debug|x86
		{D1F0A646-9028-4A42-84FD-64514D015D2E}.Debug|x86.Build.0 = Debug|x86
		{D1F0A646-9028-4A42-84FD-64514D015D2E}.Release|Any CPU.ActiveCfg = Release|Any CPU
		{D1F0A646-9028-4A42-84FD-64514D015D2E}.Release|Any CPU.Build.0 = Release|Any CPU
		{D1F0A646-9028-4A42-84FD-64514D015D2E}.Release|x64.ActiveCfg = Release|x64
		{D1F0A646-9028-4A42-84FD-64514D015D2E}.Release|x64.Build.0 = Release|x64
		{D1F0A646-9028-4A42-84FD-64514D015D2E}.Release|x86.ActiveCfg = Release|x86
		{D1F0A646-9028-4A42-84FD-64514D015D2E}.Release|x86.Build.0 = Release|x86
		{60ED8816-5D00-4EDB-A6A3-A9789ED25144}.Debug|Any CPU.ActiveCfg = Debug|Any CPU
		{60ED8816-5D00-4EDB-A6A3-A9789ED25144}.Debug|Any CPU.Build.0 = Debug|Any CPU
		{60ED8816-5D00-4EDB-A6A3-A9789ED25144}.Debug|x64.ActiveCfg = Debug|x64
		{60ED8816-5D00-4EDB-A6A3-A9789ED25144}.Debug|x64.Build.0 = Debug|x64
		{60ED8816-5D00-4EDB-A6A3-A9789ED25144}.Debug|x86.ActiveCfg = Debug|x86
		{60ED8816-5D00-4EDB-A6A3-A9789ED25144}.Debug|x86.Build.0 = Debug|x86
		{60ED8816-5D00-4EDB-A6A3-A9789ED25144}.Release|Any CPU.ActiveCfg = Release|Any CPU
		{60ED8816-5D00-4EDB-A6A3-A9789ED25144}.Release|Any CPU.Build.0 = Release|Any CPU
		{60ED8816-5D00-4EDB-A6A3-A9789ED25144}.Release|x64.ActiveCfg = Release|x64
		{60ED8816-5D00-4EDB-A6A3-A9789ED25144}.Release|x64.Build.0 = Release|x64
		{60ED8816-5D00-4EDB-A6A3-A9789ED25144}.Release|x86.ActiveCfg = Release|x86
		{60ED8816-5D00-4EDB-A6A3-A9789ED25144}.Release|x86.Build.0 = Release|x86
	EndGlobalSection
	GlobalSection(NestedProjects) = preSolution
		{D1F0A646-9028-4A42-84FD-64514D015D2E} = {3E8E7B76-309D-4EC3-A9E7-83D6483F65B1}
		{60ED8816-5D00-4EDB-A6A3-A9789ED25144} = {3E8E7B76-309D-4EC3-A9E7-83D6483F65B1}
	EndGlobalSection
EndGlobal
